
Microsoft Visual Studio Solution File, Format Version 12.00
# Visual Studio Version 17
VisualStudioVersion = 17.14.36203.30 d17.14
MinimumVisualStudioVersion = 10.0.40219.1
Project("{FAE04EC0-301F-11D3-BF4B-00C04F79EFBC}") = "webapp", "webapp\webapp.csproj", "{0DC1BE0B-3CFD-40AD-A988-2CAE01FDC109}"
EndProject
Global
	GlobalSection(SolutionConfigurationPlatforms) = preSolution
		Debug|Any CPU = Debug|Any CPU
		Release|Any CPU = Release|Any CPU
	EndGlobalSection
	GlobalSection(ProjectConfigurationPlatforms) = postSolution
		{0DC1BE0B-3CFD-40AD-A988-2CAE01FDC109}.Debug|Any CPU.ActiveCfg = Debug|Any CPU
		{0DC1BE0B-3CFD-40AD-A988-2CAE01FDC109}.Debug|Any CPU.Build.0 = Debug|Any CPU
		{0DC1BE0B-3CFD-40AD-A988-2CAE01FDC109}.Release|Any CPU.ActiveCfg = Release|Any CPU
		{0DC1BE0B-3CFD-40AD-A988-2CAE01FDC109}.Release|Any CPU.Build.0 = Release|Any CPU
	EndGlobalSection
	GlobalSection(SolutionProperties) = preSolution
		HideSolutionNode = FALSE
	EndGlobalSection
	GlobalSection(ExtensibilityGlobals) = postSolution
		SolutionGuid = {70BD61A3-7C7E-48A6-A8C7-2EE5958D916F}
	EndGlobalSection
EndGlobal
